
Microsoft Visual Studio Solution File, Format Version 12.00
# Visual Studio Version 17
VisualStudioVersion = 17.6.33829.357
MinimumVisualStudioVersion = 10.0.40219.1
Project("{FAE04EC0-301F-11D3-BF4B-00C04F79EFBC}") = "LoadCalclator", "LoadCalclator.csproj", "{564D1A89-2080-4092-8332-8AB377A407F5}"
EndProject
Global
	GlobalSection(SolutionConfigurationPlatforms) = preSolution
		Debug|Any CPU = Debug|Any CPU
		Release|Any CPU = Release|Any CPU
	EndGlobalSection
	GlobalSection(ProjectConfigurationPlatforms) = postSolution
		{564D1A89-2080-4092-8332-8AB377A407F5}.Debug|Any CPU.ActiveCfg = Debug|Any CPU
		{564D1A89-2080-4092-8332-8AB377A407F5}.Debug|Any CPU.Build.0 = Debug|Any CPU
		{564D1A89-2080-4092-8332-8AB377A407F5}.Release|Any CPU.ActiveCfg = Release|Any CPU
		{564D1A89-2080-4092-8332-8AB377A407F5}.Release|Any CPU.Build.0 = Release|Any CPU
	EndGlobalSection
	GlobalSection(SolutionProperties) = preSolution
		HideSolutionNode = FALSE
	EndGlobalSection
	GlobalSection(ExtensibilityGlobals) = postSolution
		SolutionGuid = {CCDA86EF-664B-43E9-BF32-C01A0259180F}
	EndGlobalSection
EndGlobal
